# THIS IS AN AUTOGENERATED FILE. DO NOT EDIT THIS FILE DIRECTLY.
# yarn lockfile v1


node-fetch@^2.6.1:
  version "2.6.1"
  resolved "https://registry.yarnpkg.com/node-fetch/-/node-fetch-2.6.1.tgz#045bd323631f76ed2e2b55573394416b639a0052"
  integrity sha512-V4aYg89jEoVRxRb2fJdAg8FHvI7cEyYdVAh94HH0UIK8oJxUfkjlDQN9RbMx+bEjP7+ggMiFRprSti032Oipxw==

pngjs@^6.0.0:
  version "6.0.0"
  resolved "https://registry.yarnpkg.com/pngjs/-/pngjs-6.0.0.tgz#ca9e5d2aa48db0228a52c419c3308e87720da821"
  integrity sha512-TRzzuFRRmEoSW/p1KVAmiOgPco2Irlah+bGFCeNfJXxxYGwSw7YwAOAcd7X28K/m5bjBWKsC29KyoMfHbypayg==

ws@^7.4.0:
  version "7.4.0"
  resolved "https://registry.yarnpkg.com/ws/-/ws-7.4.0.tgz#a5dd76a24197940d4a8bb9e0e152bb4503764da7"
  integrity sha512-kyFwXuV/5ymf+IXhS6f0+eAFvydbaBW3zjpT6hUdAh/hbVjTIB5EHBGi0bPoCLSK2wcuz3BrEkB9LrYv1Nm4NQ==
